
Microsoft Visual Studio Solution File, Format Version 12.00
# Visual Studio Version 16
VisualStudioVersion = 16.0.30114.105
MinimumVisualStudioVersion = 10.0.40219.1
Project("{2150E333-8FDC-42A3-9474-1A3956D46DE8}") = "Catalog", "Catalog", "{9E36E754-C1D0-4EFD-BADD-1BFB5C9B41C8}"
EndProject
Project("{2150E333-8FDC-42A3-9474-1A3956D46DE8}") = "Basket", "Basket", "{35506A2F-3F6F-44E5-A017-D7BB0C142A30}"
EndProject
Project("{2150E333-8FDC-42A3-9474-1A3956D46DE8}") = "Discount", "Discount", "{2344573C-32ED-4F8E-B583-E442E00D397B}"
EndProject
Project("{FAE04EC0-301F-11D3-BF4B-00C04F79EFBC}") = "E-Commerce.Basket", "E-Commerce.Basket\E-Commerce.Basket.csproj", "{070C0B50-31CA-4336-A039-CA41EBCD279E}"
EndProject
Project("{FAE04EC0-301F-11D3-BF4B-00C04F79EFBC}") = "E-Commerce.Catalog", "E-Commerce.Catalog\E-Commerce.Catalog.csproj", "{27D5477A-0F53-4D8E-A4AC-4781AA4CC543}"
EndProject
Project("{FAE04EC0-301F-11D3-BF4B-00C04F79EFBC}") = "Discount.API", "Discount.API\Discount.API.csproj", "{6F95F52A-89F8-481D-A001-AD98F892E884}"
EndProject
Project("{FAE04EC0-301F-11D3-BF4B-00C04F79EFBC}") = "Discount.gRPC", "Discount\Discount.gRPC\Discount.gRPC\Discount.gRPC.csproj", "{4AE4FB92-DA72-49B7-BEAF-825BE24C9B98}"
EndProject
Project("{2150E333-8FDC-42A3-9474-1A3956D46DE8}") = "Ordering", "Ordering", "{0C507760-8A35-4759-A565-8D046E4EF431}"
EndProject
Project("{FAE04EC0-301F-11D3-BF4B-00C04F79EFBC}") = "Ordering.API", "Services\Ordering\Ordering.API\Ordering.API.csproj", "{7EE721AD-2314-46E9-94A1-4CF9F64C349D}"
EndProject
Project("{FAE04EC0-301F-11D3-BF4B-00C04F79EFBC}") = "Ordering.Domain", "Services\Ordering\Ordering.Domain\Ordering.Domain.csproj", "{124CEB3A-3B29-4EE5-A70D-5E4125246A5A}"
EndProject
Project("{FAE04EC0-301F-11D3-BF4B-00C04F79EFBC}") = "Ordering.Application", "Services\Ordering\Ordering.Application\Ordering.Application.csproj", "{4CA3BFC4-ECF1-477B-AE83-D7B408ADD315}"
EndProject
Project("{FAE04EC0-301F-11D3-BF4B-00C04F79EFBC}") = "Ordering.Infrastructure", "Services\Ordering\Ordering.Infrastructure\Ordering.Infrastructure.csproj", "{7A78363B-9B7E-4209-98BB-6ADFD5671114}"
EndProject
Project("{2150E333-8FDC-42A3-9474-1A3956D46DE8}") = "Blocks", "Blocks", "{A63D17D6-2254-451F-AB4B-0500ACC91747}"
EndProject
Project("{FAE04EC0-301F-11D3-BF4B-00C04F79EFBC}") = "EventBus.Messages", "Blocks\EventBus.Messages\EventBus.Messages.csproj", "{2E129CD2-B15A-4B4B-ADCB-BD60E27AD278}"
EndProject
Project("{2150E333-8FDC-42A3-9474-1A3956D46DE8}") = "ApiGateways", "ApiGateways", "{3535D6F8-7087-4F48-A212-7F8B1F46918F}"
	ProjectSection(SolutionItems) = preProject
		ApiGateways\Microservice.postman_collection.json = ApiGateways\Microservice.postman_collection.json
	EndProjectSection
EndProject
Project("{FAE04EC0-301F-11D3-BF4B-00C04F79EFBC}") = "OcelotApiGw", "ApiGateways\OcelotApiGw\OcelotApiGw.csproj", "{2ACCC764-0DA2-49B1-BCD8-F7D999422F28}"
EndProject
Project("{FAE04EC0-301F-11D3-BF4B-00C04F79EFBC}") = "Shared", "Blocks\Shared\Shared.csproj", "{B06C17EC-C494-4900-90EF-05D94A012EF0}"
EndProject
Global
	GlobalSection(SolutionConfigurationPlatforms) = preSolution
		Debug|Any CPU = Debug|Any CPU
		Release|Any CPU = Release|Any CPU
	EndGlobalSection
	GlobalSection(SolutionProperties) = preSolution
		HideSolutionNode = FALSE
	EndGlobalSection
	GlobalSection(NestedProjects) = preSolution
		{070C0B50-31CA-4336-A039-CA41EBCD279E} = {35506A2F-3F6F-44E5-A017-D7BB0C142A30}
		{27D5477A-0F53-4D8E-A4AC-4781AA4CC543} = {9E36E754-C1D0-4EFD-BADD-1BFB5C9B41C8}
		{6F95F52A-89F8-481D-A001-AD98F892E884} = {2344573C-32ED-4F8E-B583-E442E00D397B}
		{4AE4FB92-DA72-49B7-BEAF-825BE24C9B98} = {2344573C-32ED-4F8E-B583-E442E00D397B}
		{7EE721AD-2314-46E9-94A1-4CF9F64C349D} = {0C507760-8A35-4759-A565-8D046E4EF431}
		{124CEB3A-3B29-4EE5-A70D-5E4125246A5A} = {0C507760-8A35-4759-A565-8D046E4EF431}
		{4CA3BFC4-ECF1-477B-AE83-D7B408ADD315} = {0C507760-8A35-4759-A565-8D046E4EF431}
		{7A78363B-9B7E-4209-98BB-6ADFD5671114} = {0C507760-8A35-4759-A565-8D046E4EF431}
		{2E129CD2-B15A-4B4B-ADCB-BD60E27AD278} = {A63D17D6-2254-451F-AB4B-0500ACC91747}
		{2ACCC764-0DA2-49B1-BCD8-F7D999422F28} = {3535D6F8-7087-4F48-A212-7F8B1F46918F}
		{B06C17EC-C494-4900-90EF-05D94A012EF0} = {A63D17D6-2254-451F-AB4B-0500ACC91747}
	EndGlobalSection
	GlobalSection(ProjectConfigurationPlatforms) = postSolution
		{070C0B50-31CA-4336-A039-CA41EBCD279E}.Debug|Any CPU.ActiveCfg = Debug|Any CPU
		{070C0B50-31CA-4336-A039-CA41EBCD279E}.Debug|Any CPU.Build.0 = Debug|Any CPU
		{070C0B50-31CA-4336-A039-CA41EBCD279E}.Release|Any CPU.ActiveCfg = Release|Any CPU
		{070C0B50-31CA-4336-A039-CA41EBCD279E}.Release|Any CPU.Build.0 = Release|Any CPU
		{27D5477A-0F53-4D8E-A4AC-4781AA4CC543}.Debug|Any CPU.ActiveCfg = Debug|Any CPU
		{27D5477A-0F53-4D8E-A4AC-4781AA4CC543}.Debug|Any CPU.Build.0 = Debug|Any CPU
		{27D5477A-0F53-4D8E-A4AC-4781AA4CC543}.Release|Any CPU.ActiveCfg = Release|Any CPU
		{27D5477A-0F53-4D8E-A4AC-4781AA4CC543}.Release|Any CPU.Build.0 = Release|Any CPU
		{6F95F52A-89F8-481D-A001-AD98F892E884}.Debug|Any CPU.ActiveCfg = Debug|Any CPU
		{6F95F52A-89F8-481D-A001-AD98F892E884}.Debug|Any CPU.Build.0 = Debug|Any CPU
		{6F95F52A-89F8-481D-A001-AD98F892E884}.Release|Any CPU.ActiveCfg = Release|Any CPU
		{6F95F52A-89F8-481D-A001-AD98F892E884}.Release|Any CPU.Build.0 = Release|Any CPU
		{4AE4FB92-DA72-49B7-BEAF-825BE24C9B98}.Debug|Any CPU.ActiveCfg = Debug|Any CPU
		{4AE4FB92-DA72-49B7-BEAF-825BE24C9B98}.Debug|Any CPU.Build.0 = Debug|Any CPU
		{4AE4FB92-DA72-49B7-BEAF-825BE24C9B98}.Release|Any CPU.ActiveCfg = Release|Any CPU
		{4AE4FB92-DA72-49B7-BEAF-825BE24C9B98}.Release|Any CPU.Build.0 = Release|Any CPU
		{7EE721AD-2314-46E9-94A1-4CF9F64C349D}.Debug|Any CPU.ActiveCfg = Debug|Any CPU
		{7EE721AD-2314-46E9-94A1-4CF9F64C349D}.Debug|Any CPU.Build.0 = Debug|Any CPU
		{7EE721AD-2314-46E9-94A1-4CF9F64C349D}.Release|Any CPU.ActiveCfg = Release|Any CPU
		{7EE721AD-2314-46E9-94A1-4CF9F64C349D}.Release|Any CPU.Build.0 = Release|Any CPU
		{124CEB3A-3B29-4EE5-A70D-5E4125246A5A}.Debug|Any CPU.ActiveCfg = Debug|Any CPU
		{124CEB3A-3B29-4EE5-A70D-5E4125246A5A}.Debug|Any CPU.Build.0 = Debug|Any CPU
		{124CEB3A-3B29-4EE5-A70D-5E4125246A5A}.Release|Any CPU.ActiveCfg = Release|Any CPU
		{124CEB3A-3B29-4EE5-A70D-5E4125246A5A}.Release|Any CPU.Build.0 = Release|Any CPU
		{4CA3BFC4-ECF1-477B-AE83-D7B408ADD315}.Debug|Any CPU.ActiveCfg = Debug|Any CPU
		{4CA3BFC4-ECF1-477B-AE83-D7B408ADD315}.Debug|Any CPU.Build.0 = Debug|Any CPU
		{4CA3BFC4-ECF1-477B-AE83-D7B408ADD315}.Release|Any CPU.ActiveCfg = Release|Any CPU
		{4CA3BFC4-ECF1-477B-AE83-D7B408ADD315}.Release|Any CPU.Build.0 = Release|Any CPU
		{7A78363B-9B7E-4209-98BB-6ADFD5671114}.Debug|Any CPU.ActiveCfg = Debug|Any CPU
		{7A78363B-9B7E-4209-98BB-6ADFD5671114}.Debug|Any CPU.Build.0 = Debug|Any CPU
		{7A78363B-9B7E-4209-98BB-6ADFD5671114}.Release|Any CPU.ActiveCfg = Release|Any CPU
		{7A78363B-9B7E-4209-98BB-6ADFD5671114}.Release|Any CPU.Build.0 = Release|Any CPU
		{2E129CD2-B15A-4B4B-ADCB-BD60E27AD278}.Debug|Any CPU.ActiveCfg = Debug|Any CPU
		{2E129CD2-B15A-4B4B-ADCB-BD60E27AD278}.Debug|Any CPU.Build.0 = Debug|Any CPU
		{2E129CD2-B15A-4B4B-ADCB-BD60E27AD278}.Release|Any CPU.ActiveCfg = Release|Any CPU
		{2E129CD2-B15A-4B4B-ADCB-BD60E27AD278}.Release|Any CPU.Build.0 = Release|Any CPU
		{2ACCC764-0DA2-49B1-BCD8-F7D999422F28}.Debug|Any CPU.ActiveCfg = Debug|Any CPU
		{2ACCC764-0DA2-49B1-BCD8-F7D999422F28}.Debug|Any CPU.Build.0 = Debug|Any CPU
		{2ACCC764-0DA2-49B1-BCD8-F7D999422F28}.Release|Any CPU.ActiveCfg = Release|Any CPU
		{2ACCC764-0DA2-49B1-BCD8-F7D999422F28}.Release|Any CPU.Build.0 = Release|Any CPU
		{B06C17EC-C494-4900-90EF-05D94A012EF0}.Debug|Any CPU.ActiveCfg = Debug|Any CPU
		{B06C17EC-C494-4900-90EF-05D94A012EF0}.Debug|Any CPU.Build.0 = Debug|Any CPU
		{B06C17EC-C494-4900-90EF-05D94A012EF0}.Release|Any CPU.ActiveCfg = Release|Any CPU
		{B06C17EC-C494-4900-90EF-05D94A012EF0}.Release|Any CPU.Build.0 = Release|Any CPU
	EndGlobalSection
EndGlobal
